
Microsoft Visual Studio Solution File, Format Version 12.00
# Visual Studio Version 17
VisualStudioVersion = 17.12.35527.113 d17.12
MinimumVisualStudioVersion = 10.0.40219.1
Project("{FAE04EC0-301F-11D3-BF4B-00C04F79EFBC}") = "lab1", "lab1\lab1.csproj", "{06A4B69D-9F2E-464A-98EF-F1F9039EB5AD}"
EndProject
Global
	GlobalSection(SolutionConfigurationPlatforms) = preSolution
		Debug|Any CPU = Debug|Any CPU
		Release|Any CPU = Release|Any CPU
	EndGlobalSection
	GlobalSection(ProjectConfigurationPlatforms) = postSolution
		{06A4B69D-9F2E-464A-98EF-F1F9039EB5AD}.Debug|Any CPU.ActiveCfg = Debug|Any CPU
		{06A4B69D-9F2E-464A-98EF-F1F9039EB5AD}.Debug|Any CPU.Build.0 = Debug|Any CPU
		{06A4B69D-9F2E-464A-98EF-F1F9039EB5AD}.Release|Any CPU.ActiveCfg = Release|Any CPU
		{06A4B69D-9F2E-464A-98EF-F1F9039EB5AD}.Release|Any CPU.Build.0 = Release|Any CPU
	EndGlobalSection
	GlobalSection(SolutionProperties) = preSolution
		HideSolutionNode = FALSE
	EndGlobalSection
EndGlobal
