
Microsoft Visual Studio Solution File, Format Version 12.00
# Visual Studio Version 17
VisualStudioVersion = 17.12.35527.113 d17.12
MinimumVisualStudioVersion = 10.0.40219.1
Project("{FAE04EC0-301F-11D3-BF4B-00C04F79EFBC}") = "Prototype", "Prototype\Prototype.csproj", "{F665F51D-5D20-4904-91E5-866DA87CFAE9}"
EndProject
Global
	GlobalSection(SolutionConfigurationPlatforms) = preSolution
		Debug|Any CPU = Debug|Any CPU
		Release|Any CPU = Release|Any CPU
	EndGlobalSection
	GlobalSection(ProjectConfigurationPlatforms) = postSolution
		{F665F51D-5D20-4904-91E5-866DA87CFAE9}.Debug|Any CPU.ActiveCfg = Debug|Any CPU
		{F665F51D-5D20-4904-91E5-866DA87CFAE9}.Debug|Any CPU.Build.0 = Debug|Any CPU
		{F665F51D-5D20-4904-91E5-866DA87CFAE9}.Release|Any CPU.ActiveCfg = Release|Any CPU
		{F665F51D-5D20-4904-91E5-866DA87CFAE9}.Release|Any CPU.Build.0 = Release|Any CPU
	EndGlobalSection
	GlobalSection(SolutionProperties) = preSolution
		HideSolutionNode = FALSE
	EndGlobalSection
EndGlobal
